github.com/primefactor-io/commitment v0.0.0-20250511104615-c2d480d43dc2 h1:FY/h7bSIhn7vWCXzxVjmk+0wj2MMrFrROCevN59tuhE=
github.com/primefactor-io/commitment v0.0.0-20250511104615-c2d480d43dc2/go.mod h1:iv5pT9nOaAp0BN4PTMBN9MaTdR451maVnNyXMX6lVvM=
github.com/primefactor-io/ecc v0.0.0-20250511121317-59dd02a770ac h1:PD2thK9HFcREKSbcnnOsdTudWpNBczP6RagwK85BTJE=
github.com/primefactor-io/ecc v0.0.0-20250511121317-59dd02a770ac/go.mod h1:VbKT9F+3pHc+gm7CSIJfm36DjigzEDVD9py/teLOFyM=
github.com/primefactor-io/paillier v0.0.0-20250511112203-0f04fb3f67f4 h1:IbV01bY37/iH2igUozG3LkRy6rRVpjw74rQUy2bJLeQ=
github.com/primefactor-io/paillier v0.0.0-20250511112203-0f04fb3f67f4/go.mod h1:ktTb0/mIagWGv/7G0HxYjxFHKftXgdPvwjrKfcpzHZQ=
